{
  "name": "wrenai-condvar-mre",
  "lockfileVersion": 3,
  "requires": true,
  "packages": {
    "": {
      "dependencies": {
        "@wrenai/wren-core-wasm": "^0.4.1"
      }
    },
    "node_modules/@wrenai/wren-core-wasm": {
      "version": "0.4.1",
      "resolved": "https://registry.npmjs.org/@wrenai/wren-core-wasm/-/wren-core-wasm-0.4.1.tgz",
      "integrity": "sha512-XMSg0yM4DX+fw98js7SgKpbTj3jOgIfynk4EJUalUIfBkUHfWLwB+bVA3m0PiFwudclYtAakZFuZrcnZkA6V9w==",
      "license": "Apache-2.0",
      "engines": {
        "node": ">=16"
      }
    }
  }
}
